
Microsoft Visual Studio Solution File, Format Version 12.00
# Visual Studio Version 17
VisualStudioVersion = 17.8.34322.80
MinimumVisualStudioVersion = 10.0.40219.1
Project("{FAE04EC0-301F-11D3-BF4B-00C04F79EFBC}") = "Leetcode", "Leetcode\Leetcode.csproj", "{D3A77A49-B00E-455D-8820-D151659EBACF}"
EndProject
Project("{FAE04EC0-301F-11D3-BF4B-00C04F79EFBC}") = "ChatChallenges", "ChatChallenges\ChatChallenges.csproj", "{DAD2C2BD-A693-40F9-8471-3F831CE74390}"
EndProject
Project("{FAE04EC0-301F-11D3-BF4B-00C04F79EFBC}") = "HttpClientChallenges", "HttpClientChallenges\HttpClientChallenges.csproj", "{2A46DB90-25C6-46AB-BAA3-FB46C3CD2A96}"
EndProject
Project("{FAE04EC0-301F-11D3-BF4B-00C04F79EFBC}") = "BlazorChallenges", "BlazorChallenges\BlazorChallenges.csproj", "{A1E2ED91-7B44-4F8B-B1D2-20405BB5637F}"
EndProject
Project("{FAE04EC0-301F-11D3-BF4B-00C04F79EFBC}") = "ProgramChallenges", "ProgramChallenges\ProgramChallenges.csproj", "{493BB75D-DE1C-6745-4C45-D092A666009F}"
EndProject
Project("{FAE04EC0-301F-11D3-BF4B-00C04F79EFBC}") = "LINQChallenges", "LINQChallenges\LINQChallenges.csproj", "{1E2E1842-4B71-4758-9EF4-341D432DD0E1}"
EndProject
Global
	GlobalSection(SolutionConfigurationPlatforms) = preSolution
		Debug|Any CPU = Debug|Any CPU
		Release|Any CPU = Release|Any CPU
	EndGlobalSection
	GlobalSection(ProjectConfigurationPlatforms) = postSolution
		{D3A77A49-B00E-455D-8820-D151659EBACF}.Debug|Any CPU.ActiveCfg = Debug|Any CPU
		{D3A77A49-B00E-455D-8820-D151659EBACF}.Debug|Any CPU.Build.0 = Debug|Any CPU
		{D3A77A49-B00E-455D-8820-D151659EBACF}.Release|Any CPU.ActiveCfg = Release|Any CPU
		{D3A77A49-B00E-455D-8820-D151659EBACF}.Release|Any CPU.Build.0 = Release|Any CPU
		{DAD2C2BD-A693-40F9-8471-3F831CE74390}.Debug|Any CPU.ActiveCfg = Debug|Any CPU
		{DAD2C2BD-A693-40F9-8471-3F831CE74390}.Debug|Any CPU.Build.0 = Debug|Any CPU
		{DAD2C2BD-A693-40F9-8471-3F831CE74390}.Release|Any CPU.ActiveCfg = Release|Any CPU
		{DAD2C2BD-A693-40F9-8471-3F831CE74390}.Release|Any CPU.Build.0 = Release|Any CPU
		{2A46DB90-25C6-46AB-BAA3-FB46C3CD2A96}.Debug|Any CPU.ActiveCfg = Debug|Any CPU
		{2A46DB90-25C6-46AB-BAA3-FB46C3CD2A96}.Debug|Any CPU.Build.0 = Debug|Any CPU
		{2A46DB90-25C6-46AB-BAA3-FB46C3CD2A96}.Release|Any CPU.ActiveCfg = Release|Any CPU
		{2A46DB90-25C6-46AB-BAA3-FB46C3CD2A96}.Release|Any CPU.Build.0 = Release|Any CPU
		{A1E2ED91-7B44-4F8B-B1D2-20405BB5637F}.Debug|Any CPU.ActiveCfg = Debug|Any CPU
		{A1E2ED91-7B44-4F8B-B1D2-20405BB5637F}.Debug|Any CPU.Build.0 = Debug|Any CPU
		{A1E2ED91-7B44-4F8B-B1D2-20405BB5637F}.Release|Any CPU.ActiveCfg = Release|Any CPU
		{A1E2ED91-7B44-4F8B-B1D2-20405BB5637F}.Release|Any CPU.Build.0 = Release|Any CPU
		{493BB75D-DE1C-6745-4C45-D092A666009F}.Debug|Any CPU.ActiveCfg = Debug|Any CPU
		{493BB75D-DE1C-6745-4C45-D092A666009F}.Debug|Any CPU.Build.0 = Debug|Any CPU
		{493BB75D-DE1C-6745-4C45-D092A666009F}.Release|Any CPU.ActiveCfg = Release|Any CPU
		{493BB75D-DE1C-6745-4C45-D092A666009F}.Release|Any CPU.Build.0 = Release|Any CPU
		{1E2E1842-4B71-4758-9EF4-341D432DD0E1}.Debug|Any CPU.ActiveCfg = Debug|Any CPU
		{1E2E1842-4B71-4758-9EF4-341D432DD0E1}.Debug|Any CPU.Build.0 = Debug|Any CPU
		{1E2E1842-4B71-4758-9EF4-341D432DD0E1}.Release|Any CPU.ActiveCfg = Release|Any CPU
		{1E2E1842-4B71-4758-9EF4-341D432DD0E1}.Release|Any CPU.Build.0 = Release|Any CPU
	EndGlobalSection
	GlobalSection(SolutionProperties) = preSolution
		HideSolutionNode = FALSE
	EndGlobalSection
	GlobalSection(ExtensibilityGlobals) = postSolution
		SolutionGuid = {B1790161-57C0-4DD7-8BF6-CE9FD604F25E}
	EndGlobalSection
EndGlobal
